
Microsoft Visual Studio Solution File, Format Version 12.00
# Visual Studio Version 17
VisualStudioVersion = 17.0.31903.59
MinimumVisualStudioVersion = 10.0.40219.1
Project("{FAE04EC0-301F-11D3-BF4B-00C04F79EFBC}") = "MadCalc", "MadCalc\MadCalc.csproj", "{93ABBFD1-EBD8-40DA-93A6-024B71222370}"
EndProject
Global
	GlobalSection(SolutionConfigurationPlatforms) = preSolution
		Debug|Any CPU = Debug|Any CPU
		Release|Any CPU = Release|Any CPU
	EndGlobalSection
	GlobalSection(ProjectConfigurationPlatforms) = postSolution
		{93ABBFD1-EBD8-40DA-93A6-024B71222370}.Debug|Any CPU.ActiveCfg = Debug|Any CPU
		{93ABBFD1-EBD8-40DA-93A6-024B71222370}.Debug|Any CPU.Build.0 = Debug|Any CPU
		{93ABBFD1-EBD8-40DA-93A6-024B71222370}.Release|Any CPU.ActiveCfg = Release|Any CPU
		{93ABBFD1-EBD8-40DA-93A6-024B71222370}.Release|Any CPU.Build.0 = Release|Any CPU
	EndGlobalSection
	GlobalSection(SolutionProperties) = preSolution
		HideSolutionNode = FALSE
	EndGlobalSection
	GlobalSection(ExtensibilityGlobals) = postSolution
		SolutionGuid = {38CD98B0-A758-4A60-B438-75CE6709C179}
	EndGlobalSection
EndGlobal
